
Microsoft Visual Studio Solution File, Format Version 12.00
# Visual Studio 15
VisualStudioVersion = 15.0.28307.489
MinimumVisualStudioVersion = 10.0.40219.1
Project("{9A19103F-16F7-4668-BE54-9A1E7A4F7556}") = "Laboratorio3Pizzas", "Laboratorio3Pizzas\Laboratorio3Pizzas.csproj", "{82E8105C-71E0-44BB-AD34-4F54464282E0}"
EndProject
Project("{FAE04EC0-301F-11D3-BF4B-00C04F79EFBC}") = "Lab03PizzasMongo", "Lab03PizzasMongo\Lab03PizzasMongo.csproj", "{00BCA10F-C835-43CA-963C-43DA9C341612}"
EndProject
Global
	GlobalSection(SolutionConfigurationPlatforms) = preSolution
		Debug|Any CPU = Debug|Any CPU
		Release|Any CPU = Release|Any CPU
	EndGlobalSection
	GlobalSection(ProjectConfigurationPlatforms) = postSolution
		{82E8105C-71E0-44BB-AD34-4F54464282E0}.Debug|Any CPU.ActiveCfg = Debug|Any CPU
		{82E8105C-71E0-44BB-AD34-4F54464282E0}.Debug|Any CPU.Build.0 = Debug|Any CPU
		{82E8105C-71E0-44BB-AD34-4F54464282E0}.Release|Any CPU.ActiveCfg = Release|Any CPU
		{82E8105C-71E0-44BB-AD34-4F54464282E0}.Release|Any CPU.Build.0 = Release|Any CPU
		{00BCA10F-C835-43CA-963C-43DA9C341612}.Debug|Any CPU.ActiveCfg = Debug|Any CPU
		{00BCA10F-C835-43CA-963C-43DA9C341612}.Debug|Any CPU.Build.0 = Debug|Any CPU
		{00BCA10F-C835-43CA-963C-43DA9C341612}.Release|Any CPU.ActiveCfg = Release|Any CPU
		{00BCA10F-C835-43CA-963C-43DA9C341612}.Release|Any CPU.Build.0 = Release|Any CPU
	EndGlobalSection
	GlobalSection(SolutionProperties) = preSolution
		HideSolutionNode = FALSE
	EndGlobalSection
	GlobalSection(ExtensibilityGlobals) = postSolution
		SolutionGuid = {05495BF0-414F-4EFE-8684-7EF16C16A321}
	EndGlobalSection
EndGlobal
